{
    "name": "miniprogram-ts-less-quickstart",
    "version": "1.0.0",
    "lockfileVersion": 2,
    "requires": true,
    "packages": {
        "": {
            "name": "miniprogram-ts-less-quickstart",
            "version": "1.0.0",
            "dependencies": {
                "tdesign-miniprogram": "^0.33.0"
            },
            "devDependencies": {
                "miniprogram-api-typings": "3.8.1"
            }
        },
        "node_modules/dayjs": {
            "version": "1.11.7",
            "resolved": "https://registry.npmmirror.com/dayjs/-/dayjs-1.11.7.tgz",
            "integrity": "sha512-+Yw9U6YO5TQohxLcIkrXBeY73WP3ejHWVvx8XCk3gxvQDCTEmS48ZrSZCKciI7Bhl/uCMyxYtE9UqRILmFphkQ=="
        },
        "node_modules/miniprogram-api-typings": {
            "version": "3.8.1",
            "resolved": "https://registry.npmmirror.com/miniprogram-api-typings/-/miniprogram-api-typings-3.8.1.tgz",
            "integrity": "sha512-AjuBYxghx3LZeTtWQ48TfDMxoACGRUA+NdPrgl+mPPNgi5g0YXn3sDELNHRw0LcjTxfqhVufwLL65AjwT+W+FQ==",
            "dev": true
        },
        "node_modules/tdesign-miniprogram": {
            "version": "0.33.0",
            "resolved": "https://registry.npmmirror.com/tdesign-miniprogram/-/tdesign-miniprogram-0.33.0.tgz",
            "integrity": "sha512-dNerln9UN7YdYCZvWRCstvH2hEkmXtwboOGVKPY5ZXYgC8cG2eH4/buJ7j8l4Ci+jJLLSPQrGCj9e55Y83sw7g==",
            "dependencies": {
                "dayjs": "^1.10.7"
            }
        }
    },
    "dependencies": {
        "dayjs": {
            "version": "1.11.7",
            "resolved": "https://registry.npmmirror.com/dayjs/-/dayjs-1.11.7.tgz",
            "integrity": "sha512-+Yw9U6YO5TQohxLcIkrXBeY73WP3ejHWVvx8XCk3gxvQDCTEmS48ZrSZCKciI7Bhl/uCMyxYtE9UqRILmFphkQ=="
        },
        "miniprogram-api-typings": {
            "version": "3.8.1",
            "resolved": "https://registry.npmmirror.com/miniprogram-api-typings/-/miniprogram-api-typings-3.8.1.tgz",
            "integrity": "sha512-AjuBYxghx3LZeTtWQ48TfDMxoACGRUA+NdPrgl+mPPNgi5g0YXn3sDELNHRw0LcjTxfqhVufwLL65AjwT+W+FQ==",
            "dev": true
        },
        "tdesign-miniprogram": {
            "version": "0.33.0",
            "resolved": "https://registry.npmmirror.com/tdesign-miniprogram/-/tdesign-miniprogram-0.33.0.tgz",
            "integrity": "sha512-dNerln9UN7YdYCZvWRCstvH2hEkmXtwboOGVKPY5ZXYgC8cG2eH4/buJ7j8l4Ci+jJLLSPQrGCj9e55Y83sw7g==",
            "requires": {
                "dayjs": "^1.10.7"
            }
        }
    }
}
