{
  "name": "miniprogram-ts-less-quickstart",
  "version": "1.0.0",
  "lockfileVersion": 2,
  "requires": true,
  "packages": {
    "": {
      "name": "miniprogram-ts-less-quickstart",
      "version": "1.0.0",
      "dependencies": {
        "tdesign-miniprogram": "^0.25.0"
      },
      "devDependencies": {
        "miniprogram-api-typings": "3.6.0"
      }
    },
    "node_modules/dayjs": {
      "version": "1.11.5",
      "resolved": "https://registry.npmjs.org/dayjs/-/dayjs-1.11.5.tgz",
      "integrity": "sha512-CAdX5Q3YW3Gclyo5Vpqkgpj8fSdLQcRuzfX6mC6Phy0nfJ0eGYOeS7m4mt2plDWLAtA4TqTakvbboHvUxfe4iA=="
    },
    "node_modules/miniprogram-api-typings": {
      "version": "3.6.0",
      "resolved": "https://registry.npmjs.org/miniprogram-api-typings/-/miniprogram-api-typings-3.6.0.tgz",
      "integrity": "sha512-xwK3PzhhxnfWqDfBikHLdAbj7Wy4F887nBcQrzwuF758Fw2qC4ivpKPL9t0uJZk5QYnU28+NqA7Q3lzYGMHQnA==",
      "dev": true
    },
    "node_modules/tdesign-miniprogram": {
      "version": "0.25.0",
      "resolved": "https://registry.npmjs.org/tdesign-miniprogram/-/tdesign-miniprogram-0.25.0.tgz",
      "integrity": "sha512-LYVU/QWGfS1x8z/1TER480cT2anI59k5uJzscWHGn0sCgZtK1aYjUDdauO/nyf+sV5K2T80uEYFdCqUOP4M6kA==",
      "dependencies": {
        "dayjs": "^1.10.7"
      }
    }
  },
  "dependencies": {
    "dayjs": {
      "version": "1.11.5",
      "resolved": "https://registry.npmjs.org/dayjs/-/dayjs-1.11.5.tgz",
      "integrity": "sha512-CAdX5Q3YW3Gclyo5Vpqkgpj8fSdLQcRuzfX6mC6Phy0nfJ0eGYOeS7m4mt2plDWLAtA4TqTakvbboHvUxfe4iA=="
    },
    "miniprogram-api-typings": {
      "version": "3.6.0",
      "resolved": "https://registry.npmjs.org/miniprogram-api-typings/-/miniprogram-api-typings-3.6.0.tgz",
      "integrity": "sha512-xwK3PzhhxnfWqDfBikHLdAbj7Wy4F887nBcQrzwuF758Fw2qC4ivpKPL9t0uJZk5QYnU28+NqA7Q3lzYGMHQnA==",
      "dev": true
    },
    "tdesign-miniprogram": {
      "version": "0.25.0",
      "resolved": "https://registry.npmjs.org/tdesign-miniprogram/-/tdesign-miniprogram-0.25.0.tgz",
      "integrity": "sha512-LYVU/QWGfS1x8z/1TER480cT2anI59k5uJzscWHGn0sCgZtK1aYjUDdauO/nyf+sV5K2T80uEYFdCqUOP4M6kA==",
      "requires": {
        "dayjs": "^1.10.7"
      }
    }
  }
}
