# THIS IS AN AUTOGENERATED FILE. DO NOT EDIT THIS FILE DIRECTLY.
# yarn lockfile v1


dayjs@^1.10.7:
  version "1.11.7"
  resolved "https://registry.npmmirror.com/dayjs/-/dayjs-1.11.7.tgz#4b296922642f70999544d1144a2c25730fce63e2"
  integrity sha512-+Yw9U6YO5TQohxLcIkrXBeY73WP3ejHWVvx8XCk3gxvQDCTEmS48ZrSZCKciI7Bhl/uCMyxYtE9UqRILmFphkQ==

miniprogram-api-typings@3.8.1:
  version "3.8.1"
  resolved "https://registry.npmmirror.com/miniprogram-api-typings/-/miniprogram-api-typings-3.8.1.tgz#1b8b732bb9035187a935ce622c6d8ad543432eed"
  integrity sha512-AjuBYxghx3LZeTtWQ48TfDMxoACGRUA+NdPrgl+mPPNgi5g0YXn3sDELNHRw0LcjTxfqhVufwLL65AjwT+W+FQ==

tdesign-miniprogram@^0.33.0:
  version "0.33.0"
  resolved "https://registry.npmmirror.com/tdesign-miniprogram/-/tdesign-miniprogram-0.33.0.tgz#1b2a8741721e2edc30ef29ed46876feee3c87bd1"
  integrity sha512-dNerln9UN7YdYCZvWRCstvH2hEkmXtwboOGVKPY5ZXYgC8cG2eH4/buJ7j8l4Ci+jJLLSPQrGCj9e55Y83sw7g==
  dependencies:
    dayjs "^1.10.7"
